// !$*UTF8*$!
{
	archiveVersion = 1;
	classes = {
	};
	objectVersion = 46;
	objects = {

/* Begin PBXBuildFile section */
		6A0F80381C424046000F640B /* main.m in Sources */ = {isa = PBXBuildFile; fileRef = 6A0F80371C424046000F640B /* main.m */; };
		6A0F803B1C424046000F640B /* AppDelegate.m in Sources */ = {isa = PBXBuildFile; fileRef = 6A0F803A1C424046000F640B /* AppDelegate.m */; };
		6A0F803E1C424046000F640B /* ViewController.m in Sources */ = {isa = PBXBuildFile; fileRef = 6A0F803D1C424046000F640B /* ViewController.m */; };
		6A0F80411C424046000F640B /* Main.storyboard in Resources */ = {isa = PBXBuildFile; fileRef = 6A0F803F1C424046000F640B /* Main.storyboard */; };
		6A0F80431C424046000F640B /* Assets.xcassets in Resources */ = {isa = PBXBuildFile; fileRef = 6A0F80421C424046000F640B /* Assets.xcassets */; };
		6A0F80461C424046000F640B /* LaunchScreen.storyboard in Resources */ = {isa = PBXBuildFile; fileRef = 6A0F80441C424046000F640B /* LaunchScreen.storyboard */; };
		6A0F80511C424046000F640B /* HomeWork5Tests.m in Sources */ = {isa = PBXBuildFile; fileRef = 6A0F80501C424046000F640B /* HomeWork5Tests.m */; };
		6A0F805C1C424046000F640B /* HomeWork5UITests.m in Sources */ = {isa = PBXBuildFile; fileRef = 6A0F805B1C424046000F640B /* HomeWork5UITests.m */; };
		6A0F80701C4242A7000F640B /* Buildings.plist in Resources */ = {isa = PBXBuildFile; fileRef = 6A0F806F1C4242A7000F640B /* Buildings.plist */; };
		6A0F80731C4242E4000F640B /* Building.m in Sources */ = {isa = PBXBuildFile; fileRef = 6A0F80721C4242E4000F640B /* Building.m */; };
		6A0F80761C4244EF000F640B /* TableViewController.m in Sources */ = {isa = PBXBuildFile; fileRef = 6A0F80751C4244EF000F640B /* TableViewController.m */; };
		6A0F807F1C425469000F640B /* MapViewController.m in Sources */ = {isa = PBXBuildFile; fileRef = 6A0F807E1C425469000F640B /* MapViewController.m */; };
		6A0F80821C425481000F640B /* DescriptionViewController.m in Sources */ = {isa = PBXBuildFile; fileRef = 6A0F80811C425481000F640B /* DescriptionViewController.m */; };
		6A0F80881C431683000F640B /* ImageViewController.m in Sources */ = {isa = PBXBuildFile; fileRef = 6A0F80871C431683000F640B /* ImageViewController.m */; };
		6A0F808A1C431707000F640B /* MapKit.framework in Frameworks */ = {isa = PBXBuildFile; fileRef = 6A0F80891C431707000F640B /* MapKit.framework */; };
		6A9062081C4AE09900271B6B /* Field_museum.png in Resources */ = {isa = PBXBuildFile; fileRef = 6A9062001C4AE09900271B6B /* Field_museum.png */; };
		6A9062091C4AE09900271B6B /* John_Hancock.png in Resources */ = {isa = PBXBuildFile; fileRef = 6A9062011C4AE09900271B6B /* John_Hancock.png */; };
		6A90620C1C4AE09900271B6B /* Shedd_aquarium.png in Resources */ = {isa = PBXBuildFile; fileRef = 6A9062041C4AE09900271B6B /* Shedd_aquarium.png */; };
		6A90620D1C4AE09900271B6B /* Soldier_field.png in Resources */ = {isa = PBXBuildFile; fileRef = 6A9062051C4AE09900271B6B /* Soldier_field.png */; };
		6A90620E1C4AE09900271B6B /* trump_tower.png in Resources */ = {isa = PBXBuildFile; fileRef = 6A9062061C4AE09900271B6B /* trump_tower.png */; };
		6A90620F1C4AE09900271B6B /* twater_tower.png in Resources */ = {isa = PBXBuildFile; fileRef = 6A9062071C4AE09900271B6B /* twater_tower.png */; };
		6ACB4DB11C4DC7A30045531A /* sears_tower.png in Resources */ = {isa = PBXBuildFile; fileRef = 6ACB4DB01C4DC7A30045531A /* sears_tower.png */; };
		6ACB4DB31C4DCBEC0045531A /* Adler.png in Resources */ = {isa = PBXBuildFile; fileRef = 6ACB4DB21C4DCBEC0045531A /* Adler.png */; };
		6ACB4DB51C4DD45B0045531A /* Wrigley.png in Resources */ = {isa = PBXBuildFile; fileRef = 6ACB4DB41C4DD45B0045531A /* Wrigley.png */; };
		6ACB4DB71C4E1B0B0045531A /* msi.png in Resources */ = {isa = PBXBuildFile; fileRef = 6ACB4DB61C4E1B0B0045531A /* msi.png */; };
		6ACB4DB91C4E1BD10045531A /* navy_pier.png in Resources */ = {isa = PBXBuildFile; fileRef = 6ACB4DB81C4E1BD10045531A /* navy_pier.png */; };
/* End PBXBuildFile section */

/* Begin PBXContainerItemProxy section */
		6A0F804D1C424046000F640B /* PBXContainerItemProxy */ = {
			isa = PBXContainerItemProxy;
			containerPortal = 6A0F802B1C424046000F640B /* Project object */;
			proxyType = 1;
			remoteGlobalIDString = 6A0F80321C424046000F640B;
			remoteInfo = HomeWork5;
		};
		6A0F80581C424046000F640B /* PBXContainerItemProxy */ = {
			isa = PBXContainerItemProxy;
			containerPortal = 6A0F802B1C424046000F640B /* Project object */;
			proxyType = 1;
			remoteGlobalIDString = 6A0F80321C424046000F640B;
			remoteInfo = HomeWork5;
		};
/* End PBXContainerItemProxy section */

/* Begin PBXFileReference section */
		6A0F80331C424046000F640B /* CHI.app */ = {isa = PBXFileReference; explicitFileType = wrapper.application; includeInIndex = 0; path = CHI.app; sourceTree = BUILT_PRODUCTS_DIR; };
		6A0F80371C424046000F640B /* main.m */ = {isa = PBXFileReference; lastKnownFileType = sourcecode.c.objc; path = main.m; sourceTree = "<group>"; };
		6A0F80391C424046000F640B /* AppDelegate.h */ = {isa = PBXFileReference; lastKnownFileType = sourcecode.c.h; path = AppDelegate.h; sourceTree = "<group>"; };
		6A0F803A1C424046000F640B /* AppDelegate.m */ = {isa = PBXFileReference; lastKnownFileType = sourcecode.c.objc; path = AppDelegate.m; sourceTree = "<group>"; };
		6A0F803C1C424046000F640B /* ViewController.h */ = {isa = PBXFileReference; lastKnownFileType = sourcecode.c.h; path = ViewController.h; sourceTree = "<group>"; };
		6A0F803D1C424046000F640B /* ViewController.m */ = {isa = PBXFileReference; lastKnownFileType = sourcecode.c.objc; path = ViewController.m; sourceTree = "<group>"; };
		6A0F80401C424046000F640B /* Base */ = {isa = PBXFileReference; lastKnownFileType = file.storyboard; name = Base; path = Base.lproj/Main.storyboard; sourceTree = "<group>"; };
		6A0F80421C424046000F640B /* Assets.xcassets */ = {isa = PBXFileReference; lastKnownFileType = folder.assetcatalog; path = Assets.xcassets; sourceTree = "<group>"; };
		6A0F80451C424046000F640B /* Base */ = {isa = PBXFileReference; lastKnownFileType = file.storyboard; name = Base; path = Base.lproj/LaunchScreen.storyboard; sourceTree = "<group>"; };
		6A0F80471C424046000F640B /* Info.plist */ = {isa = PBXFileReference; lastKnownFileType = text.plist.xml; path = Info.plist; sourceTree = "<group>"; };
		6A0F804C1C424046000F640B /* HomeWork5Tests.xctest */ = {isa = PBXFileReference; explicitFileType = wrapper.cfbundle; includeInIndex = 0; path = HomeWork5Tests.xctest; sourceTree = BUILT_PRODUCTS_DIR; };
		6A0F80501C424046000F640B /* HomeWork5Tests.m */ = {isa = PBXFileReference; lastKnownFileType = sourcecode.c.objc; path = HomeWork5Tests.m; sourceTree = "<group>"; };
		6A0F80521C424046000F640B /* Info.plist */ = {isa = PBXFileReference; lastKnownFileType = text.plist.xml; path = Info.plist; sourceTree = "<group>"; };
		6A0F80571C424046000F640B /* HomeWork5UITests.xctest */ = {isa = PBXFileReference; explicitFileType = wrapper.cfbundle; includeInIndex = 0; path = HomeWork5UITests.xctest; sourceTree = BUILT_PRODUCTS_DIR; };
		6A0F805B1C424046000F640B /* HomeWork5UITests.m */ = {isa = PBXFileReference; lastKnownFileType = sourcecode.c.objc; path = HomeWork5UITests.m; sourceTree = "<group>"; };
		6A0F805D1C424046000F640B /* Info.plist */ = {isa = PBXFileReference; lastKnownFileType = text.plist.xml; path = Info.plist; sourceTree = "<group>"; };
		6A0F806F1C4242A7000F640B /* Buildings.plist */ = {isa = PBXFileReference; fileEncoding = 4; lastKnownFileType = text.plist.xml; path = Buildings.plist; sourceTree = "<group>"; };
		6A0F80711C4242E4000F640B /* Building.h */ = {isa = PBXFileReference; fileEncoding = 4; lastKnownFileType = sourcecode.c.h; path = Building.h; sourceTree = "<group>"; };
		6A0F80721C4242E4000F640B /* Building.m */ = {isa = PBXFileReference; fileEncoding = 4; lastKnownFileType = sourcecode.c.objc; path = Building.m; sourceTree = "<group>"; };
		6A0F80741C4244EF000F640B /* TableViewController.h */ = {isa = PBXFileReference; fileEncoding = 4; lastKnownFileType = sourcecode.c.h; path = TableViewController.h; sourceTree = "<group>"; };
		6A0F80751C4244EF000F640B /* TableViewController.m */ = {isa = PBXFileReference; fileEncoding = 4; lastKnownFileType = sourcecode.c.objc; path = TableViewController.m; sourceTree = "<group>"; };
		6A0F807D1C425469000F640B /* MapViewController.h */ = {isa = PBXFileReference; fileEncoding = 4; lastKnownFileType = sourcecode.c.h; path = MapViewController.h; sourceTree = "<group>"; };
		6A0F807E1C425469000F640B /* MapViewController.m */ = {isa = PBXFileReference; fileEncoding = 4; lastKnownFileType = sourcecode.c.objc; path = MapViewController.m; sourceTree = "<group>"; };
		6A0F80801C425481000F640B /* DescriptionViewController.h */ = {isa = PBXFileReference; fileEncoding = 4; lastKnownFileType = sourcecode.c.h; path = DescriptionViewController.h; sourceTree = "<group>"; };
		6A0F80811C425481000F640B /* DescriptionViewController.m */ = {isa = PBXFileReference; fileEncoding = 4; lastKnownFileType = sourcecode.c.objc; path = DescriptionViewController.m; sourceTree = "<group>"; };
		6A0F80861C431683000F640B /* ImageViewController.h */ = {isa = PBXFileReference; fileEncoding = 4; lastKnownFileType = sourcecode.c.h; path = ImageViewController.h; sourceTree = "<group>"; };
		6A0F80871C431683000F640B /* ImageViewController.m */ = {isa = PBXFileReference; fileEncoding = 4; lastKnownFileType = sourcecode.c.objc; path = ImageViewController.m; sourceTree = "<group>"; };
		6A0F80891C431707000F640B /* MapKit.framework */ = {isa = PBXFileReference; lastKnownFileType = wrapper.framework; name = MapKit.framework; path = System/Library/Frameworks/MapKit.framework; sourceTree = SDKROOT; };
		6A9062001C4AE09900271B6B /* Field_museum.png */ = {isa = PBXFileReference; lastKnownFileType = image.png; path = Field_museum.png; sourceTree = "<group>"; };
		6A9062011C4AE09900271B6B /* John_Hancock.png */ = {isa = PBXFileReference; lastKnownFileType = image.png; path = John_Hancock.png; sourceTree = "<group>"; };
		6A9062041C4AE09900271B6B /* Shedd_aquarium.png */ = {isa = PBXFileReference; lastKnownFileType = image.png; path = Shedd_aquarium.png; sourceTree = "<group>"; };
		6A9062051C4AE09900271B6B /* Soldier_field.png */ = {isa = PBXFileReference; lastKnownFileType = image.png; path = Soldier_field.png; sourceTree = "<group>"; };
		6A9062061C4AE09900271B6B /* trump_tower.png */ = {isa = PBXFileReference; lastKnownFileType = image.png; path = trump_tower.png; sourceTree = "<group>"; };
		6A9062071C4AE09900271B6B /* twater_tower.png */ = {isa = PBXFileReference; lastKnownFileType = image.png; path = twater_tower.png; sourceTree = "<group>"; };
		6ACB4DB01C4DC7A30045531A /* sears_tower.png */ = {isa = PBXFileReference; lastKnownFileType = image.png; path = sears_tower.png; sourceTree = "<group>"; };
		6ACB4DB21C4DCBEC0045531A /* Adler.png */ = {isa = PBXFileReference; lastKnownFileType = image.png; path = Adler.png; sourceTree = "<group>"; };
		6ACB4DB41C4DD45B0045531A /* Wrigley.png */ = {isa = PBXFileReference; lastKnownFileType = image.png; path = Wrigley.png; sourceTree = "<group>"; };
		6ACB4DB61C4E1B0B0045531A /* msi.png */ = {isa = PBXFileReference; lastKnownFileType = image.png; path = msi.png; sourceTree = "<group>"; };
		6ACB4DB81C4E1BD10045531A /* navy_pier.png */ = {isa = PBXFileReference; lastKnownFileType = image.png; path = navy_pier.png; sourceTree = "<group>"; };
/* End PBXFileReference section */

/* Begin PBXFrameworksBuildPhase section */
		6A0F80301C424046000F640B /* Frameworks */ = {
			isa = PBXFrameworksBuildPhase;
			buildActionMask = 2147483647;
			files = (
				6A0F808A1C431707000F640B /* MapKit.framework in Frameworks */,
			);
			runOnlyForDeploymentPostprocessing = 0;
		};
		6A0F80491C424046000F640B /* Frameworks */ = {
			isa = PBXFrameworksBuildPhase;
			buildActionMask = 2147483647;
			files = (
			);
			runOnlyForDeploymentPostprocessing = 0;
		};
		6A0F80541C424046000F640B /* Frameworks */ = {
			isa = PBXFrameworksBuildPhase;
			buildActionMask = 2147483647;
			files = (
			);
			runOnlyForDeploymentPostprocessing = 0;
		};
/* End PBXFrameworksBuildPhase section */

/* Begin PBXGroup section */
		6A0F802A1C424046000F640B = {
			isa = PBXGroup;
			children = (
				6A0F80891C431707000F640B /* MapKit.framework */,
				6A0F80351C424046000F640B /* HomeWork5 */,
				6A0F804F1C424046000F640B /* HomeWork5Tests */,
				6A0F805A1C424046000F640B /* HomeWork5UITests */,
				6A0F80341C424046000F640B /* Products */,
			);
			sourceTree = "<group>";
		};
		6A0F80341C424046000F640B /* Products */ = {
			isa = PBXGroup;
			children = (
				6A0F80331C424046000F640B /* CHI.app */,
				6A0F804C1C424046000F640B /* HomeWork5Tests.xctest */,
				6A0F80571C424046000F640B /* HomeWork5UITests.xctest */,
			);
			name = Products;
			sourceTree = "<group>";
		};
		6A0F80351C424046000F640B /* HomeWork5 */ = {
			isa = PBXGroup;
			children = (
				6A0F80391C424046000F640B /* AppDelegate.h */,
				6A0F803A1C424046000F640B /* AppDelegate.m */,
				6A0F803C1C424046000F640B /* ViewController.h */,
				6A0F803D1C424046000F640B /* ViewController.m */,
				6A0F803F1C424046000F640B /* Main.storyboard */,
				6A0F80741C4244EF000F640B /* TableViewController.h */,
				6A0F80751C4244EF000F640B /* TableViewController.m */,
				6A0F80421C424046000F640B /* Assets.xcassets */,
				6A0F80441C424046000F640B /* LaunchScreen.storyboard */,
				6A0F80471C424046000F640B /* Info.plist */,
				6A0F806F1C4242A7000F640B /* Buildings.plist */,
				6ACB4DB61C4E1B0B0045531A /* msi.png */,
				6ACB4DB01C4DC7A30045531A /* sears_tower.png */,
				6ACB4DB21C4DCBEC0045531A /* Adler.png */,
				6ACB4DB81C4E1BD10045531A /* navy_pier.png */,
				6A9062001C4AE09900271B6B /* Field_museum.png */,
				6A9062011C4AE09900271B6B /* John_Hancock.png */,
				6A9062041C4AE09900271B6B /* Shedd_aquarium.png */,
				6ACB4DB41C4DD45B0045531A /* Wrigley.png */,
				6A9062051C4AE09900271B6B /* Soldier_field.png */,
				6A9062061C4AE09900271B6B /* trump_tower.png */,
				6A9062071C4AE09900271B6B /* twater_tower.png */,
				6A0F80361C424046000F640B /* Supporting Files */,
				6A0F80711C4242E4000F640B /* Building.h */,
				6A0F80721C4242E4000F640B /* Building.m */,
				6A0F807D1C425469000F640B /* MapViewController.h */,
				6A0F807E1C425469000F640B /* MapViewController.m */,
				6A0F80801C425481000F640B /* DescriptionViewController.h */,
				6A0F80811C425481000F640B /* DescriptionViewController.m */,
				6A0F80861C431683000F640B /* ImageViewController.h */,
				6A0F80871C431683000F640B /* ImageViewController.m */,
			);
			path = HomeWork5;
			sourceTree = "<group>";
		};
		6A0F80361C424046000F640B /* Supporting Files */ = {
			isa = PBXGroup;
			children = (
				6A0F80371C424046000F640B /* main.m */,
			);
			name = "Supporting Files";
			sourceTree = "<group>";
		};
		6A0F804F1C424046000F640B /* HomeWork5Tests */ = {
			isa = PBXGroup;
			children = (
				6A0F80501C424046000F640B /* HomeWork5Tests.m */,
				6A0F80521C424046000F640B /* Info.plist */,
			);
			path = HomeWork5Tests;
			sourceTree = "<group>";
		};
		6A0F805A1C424046000F640B /* HomeWork5UITests */ = {
			isa = PBXGroup;
			children = (
				6A0F805B1C424046000F640B /* HomeWork5UITests.m */,
				6A0F805D1C424046000F640B /* Info.plist */,
			);
			path = HomeWork5UITests;
			sourceTree = "<group>";
		};
/* End PBXGroup section */

/* Begin PBXNativeTarget section */
		6A0F80321C424046000F640B /* HomeWork5 */ = {
			isa = PBXNativeTarget;
			buildConfigurationList = 6A0F80601C424046000F640B /* Build configuration list for PBXNativeTarget "HomeWork5" */;
			buildPhases = (
				6A0F802F1C424046000F640B /* Sources */,
				6A0F80301C424046000F640B /* Frameworks */,
				6A0F80311C424046000F640B /* Resources */,
			);
			buildRules = (
			);
			dependencies = (
			);
			name = HomeWork5;
			productName = HomeWork5;
			productReference = 6A0F80331C424046000F640B /* CHI.app */;
			productType = "com.apple.product-type.application";
		};
		6A0F804B1C424046000F640B /* HomeWork5Tests */ = {
			isa = PBXNativeTarget;
			buildConfigurationList = 6A0F80631C424046000F640B /* Build configuration list for PBXNativeTarget "HomeWork5Tests" */;
			buildPhases = (
				6A0F80481C424046000F640B /* Sources */,
				6A0F80491C424046000F640B /* Frameworks */,
				6A0F804A1C424046000F640B /* Resources */,
			);
			buildRules = (
			);
			dependencies = (
				6A0F804E1C424046000F640B /* PBXTargetDependency */,
			);
			name = HomeWork5Tests;
			productName = HomeWork5Tests;
			productReference = 6A0F804C1C424046000F640B /* HomeWork5Tests.xctest */;
			productType = "com.apple.product-type.bundle.unit-test";
		};
		6A0F80561C424046000F640B /* HomeWork5UITests */ = {
			isa = PBXNativeTarget;
			buildConfigurationList = 6A0F80661C424046000F640B /* Build configuration list for PBXNativeTarget "HomeWork5UITests" */;
			buildPhases = (
				6A0F80531C424046000F640B /* Sources */,
				6A0F80541C424046000F640B /* Frameworks */,
				6A0F80551C424046000F640B /* Resources */,
			);
			buildRules = (
			);
			dependencies = (
				6A0F80591C424046000F640B /* PBXTargetDependency */,
			);
			name = HomeWork5UITests;
			productName = HomeWork5UITests;
			productReference = 6A0F80571C424046000F640B /* HomeWork5UITests.xctest */;
			productType = "com.apple.product-type.bundle.ui-testing";
		};
/* End PBXNativeTarget section */

/* Begin PBXProject section */
		6A0F802B1C424046000F640B /* Project object */ = {
			isa = PBXProject;
			attributes = {
				LastUpgradeCheck = 0720;
				ORGANIZATIONNAME = cod;
				TargetAttributes = {
					6A0F80321C424046000F640B = {
						CreatedOnToolsVersion = 7.2;
						DevelopmentTeam = 3VMET837C5;
					};
					6A0F804B1C424046000F640B = {
						CreatedOnToolsVersion = 7.2;
						DevelopmentTeam = 3VMET837C5;
						TestTargetID = 6A0F80321C424046000F640B;
					};
					6A0F80561C424046000F640B = {
						CreatedOnToolsVersion = 7.2;
						DevelopmentTeam = 3VMET837C5;
						TestTargetID = 6A0F80321C424046000F640B;
					};
				};
			};
			buildConfigurationList = 6A0F802E1C424046000F640B /* Build configuration list for PBXProject "HomeWork5" */;
			compatibilityVersion = "Xcode 3.2";
			developmentRegion = English;
			hasScannedForEncodings = 0;
			knownRegions = (
				en,
				Base,
			);
			mainGroup = 6A0F802A1C424046000F640B;
			productRefGroup = 6A0F80341C424046000F640B /* Products */;
			projectDirPath = "";
			projectRoot = "";
			targets = (
				6A0F80321C424046000F640B /* HomeWork5 */,
				6A0F804B1C424046000F640B /* HomeWork5Tests */,
				6A0F80561C424046000F640B /* HomeWork5UITests */,
			);
		};
/* End PBXProject section */

/* Begin PBXResourcesBuildPhase section */
		6A0F80311C424046000F640B /* Resources */ = {
			isa = PBXResourcesBuildPhase;
			buildActionMask = 2147483647;
			files = (
				6ACB4DB71C4E1B0B0045531A /* msi.png in Resources */,
				6A9062081C4AE09900271B6B /* Field_museum.png in Resources */,
				6A90620E1C4AE09900271B6B /* trump_tower.png in Resources */,
				6A9062091C4AE09900271B6B /* John_Hancock.png in Resources */,
				6ACB4DB11C4DC7A30045531A /* sears_tower.png in Resources */,
				6A90620C1C4AE09900271B6B /* Shedd_aquarium.png in Resources */,
				6ACB4DB31C4DCBEC0045531A /* Adler.png in Resources */,
				6A0F80701C4242A7000F640B /* Buildings.plist in Resources */,
				6A90620F1C4AE09900271B6B /* twater_tower.png in Resources */,
				6A0F80461C424046000F640B /* LaunchScreen.storyboard in Resources */,
				6ACB4DB91C4E1BD10045531A /* navy_pier.png in Resources */,
				6A0F80431C424046000F640B /* Assets.xcassets in Resources */,
				6A90620D1C4AE09900271B6B /* Soldier_field.png in Resources */,
				6A0F80411C424046000F640B /* Main.storyboard in Resources */,
				6ACB4DB51C4DD45B0045531A /* Wrigley.png in Resources */,
			);
			runOnlyForDeploymentPostprocessing = 0;
		};
		6A0F804A1C424046000F640B /* Resources */ = {
			isa = PBXResourcesBuildPhase;
			buildActionMask = 2147483647;
			files = (
			);
			runOnlyForDeploymentPostprocessing = 0;
		};
		6A0F80551C424046000F640B /* Resources */ = {
			isa = PBXResourcesBuildPhase;
			buildActionMask = 2147483647;
			files = (
			);
			runOnlyForDeploymentPostprocessing = 0;
		};
/* End PBXResourcesBuildPhase section */

/* Begin PBXSourcesBuildPhase section */
		6A0F802F1C424046000F640B /* Sources */ = {
			isa = PBXSourcesBuildPhase;
			buildActionMask = 2147483647;
			files = (
				6A0F803E1C424046000F640B /* ViewController.m in Sources */,
				6A0F80821C425481000F640B /* DescriptionViewController.m in Sources */,
				6A0F803B1C424046000F640B /* AppDelegate.m in Sources */,
				6A0F80381C424046000F640B /* main.m in Sources */,
				6A0F80761C4244EF000F640B /* TableViewController.m in Sources */,
				6A0F80881C431683000F640B /* ImageViewController.m in Sources */,
				6A0F80731C4242E4000F640B /* Building.m in Sources */,
				6A0F807F1C425469000F640B /* MapViewController.m in Sources */,
			);
			runOnlyForDeploymentPostprocessing = 0;
		};
		6A0F80481C424046000F640B /* Sources */ = {
			isa = PBXSourcesBuildPhase;
			buildActionMask = 2147483647;
			files = (
				6A0F80511C424046000F640B /* HomeWork5Tests.m in Sources */,
			);
			runOnlyForDeploymentPostprocessing = 0;
		};
		6A0F80531C424046000F640B /* Sources */ = {
			isa = PBXSourcesBuildPhase;
			buildActionMask = 2147483647;
			files = (
				6A0F805C1C424046000F640B /* HomeWork5UITests.m in Sources */,
			);
			runOnlyForDeploymentPostprocessing = 0;
		};
/* End PBXSourcesBuildPhase section */

/* Begin PBXTargetDependency section */
		6A0F804E1C424046000F640B /* PBXTargetDependency */ = {
			isa = PBXTargetDependency;
			target = 6A0F80321C424046000F640B /* HomeWork5 */;
			targetProxy = 6A0F804D1C424046000F640B /* PBXContainerItemProxy */;
		};
		6A0F80591C424046000F640B /* PBXTargetDependency */ = {
			isa = PBXTargetDependency;
			target = 6A0F80321C424046000F640B /* HomeWork5 */;
			targetProxy = 6A0F80581C424046000F640B /* PBXContainerItemProxy */;
		};
/* End PBXTargetDependency section */

/* Begin PBXVariantGroup section */
		6A0F803F1C424046000F640B /* Main.storyboard */ = {
			isa = PBXVariantGroup;
			children = (
				6A0F80401C424046000F640B /* Base */,
			);
			name = Main.storyboard;
			sourceTree = "<group>";
		};
		6A0F80441C424046000F640B /* LaunchScreen.storyboard */ = {
			isa = PBXVariantGroup;
			children = (
				6A0F80451C424046000F640B /* Base */,
			);
			name = LaunchScreen.storyboard;
			sourceTree = "<group>";
		};
/* End PBXVariantGroup section */

/* Begin XCBuildConfiguration section */
		6A0F805E1C424046000F640B /* Debug */ = {
			isa = XCBuildConfiguration;
			buildSettings = {
				ALWAYS_SEARCH_USER_PATHS = NO;
				CLANG_CXX_LANGUAGE_STANDARD = "gnu++0x";
				CLANG_CXX_LIBRARY = "libc++";
				CLANG_ENABLE_MODULES = YES;
				CLANG_ENABLE_OBJC_ARC = YES;
				CLANG_WARN_BOOL_CONVERSION = YES;
				CLANG_WARN_CONSTANT_CONVERSION = YES;
				CLANG_WARN_DIRECT_OBJC_ISA_USAGE = YES_ERROR;
				CLANG_WARN_EMPTY_BODY = YES;
				CLANG_WARN_ENUM_CONVERSION = YES;
				CLANG_WARN_INT_CONVERSION = YES;
				CLANG_WARN_OBJC_ROOT_CLASS = YES_ERROR;
				CLANG_WARN_UNREACHABLE_CODE = YES;
				CLANG_WARN__DUPLICATE_METHOD_MATCH = YES;
				"CODE_SIGN_IDENTITY[sdk=iphoneos*]" = "iPhone Developer";
				COPY_PHASE_STRIP = NO;
				DEBUG_INFORMATION_FORMAT = dwarf;
				ENABLE_STRICT_OBJC_MSGSEND = YES;
				ENABLE_TESTABILITY = YES;
				GCC_C_LANGUAGE_STANDARD = gnu99;
				GCC_DYNAMIC_NO_PIC = NO;
				GCC_NO_COMMON_BLOCKS = YES;
				GCC_OPTIMIZATION_LEVEL = 0;
				GCC_PREPROCESSOR_DEFINITIONS = (
					"DEBUG=1",
					"$(inherited)",
				);
				GCC_WARN_64_TO_32_BIT_CONVERSION = YES;
				GCC_WARN_ABOUT_RETURN_TYPE = YES_ERROR;
				GCC_WARN_UNDECLARED_SELECTOR = YES;
				GCC_WARN_UNINITIALIZED_AUTOS = YES_AGGRESSIVE;
				GCC_WARN_UNUSED_FUNCTION = YES;
				GCC_WARN_UNUSED_VARIABLE = YES;
				IPHONEOS_DEPLOYMENT_TARGET = 9.2;
				MTL_ENABLE_DEBUG_INFO = YES;
				ONLY_ACTIVE_ARCH = YES;
				SDKROOT = iphoneos;
			};
			name = Debug;
		};
		6A0F805F1C424046000F640B /* Release */ = {
			isa = XCBuildConfiguration;
			buildSettings = {
				ALWAYS_SEARCH_USER_PATHS = NO;
				CLANG_CXX_LANGUAGE_STANDARD = "gnu++0x";
				CLANG_CXX_LIBRARY = "libc++";
				CLANG_ENABLE_MODULES = YES;
				CLANG_ENABLE_OBJC_ARC = YES;
				CLANG_WARN_BOOL_CONVERSION = YES;
				CLANG_WARN_CONSTANT_CONVERSION = YES;
				CLANG_WARN_DIRECT_OBJC_ISA_USAGE = YES_ERROR;
				CLANG_WARN_EMPTY_BODY = YES;
				CLANG_WARN_ENUM_CONVERSION = YES;
				CLANG_WARN_INT_CONVERSION = YES;
				CLANG_WARN_OBJC_ROOT_CLASS = YES_ERROR;
				CLANG_WARN_UNREACHABLE_CODE = YES;
				CLANG_WARN__DUPLICATE_METHOD_MATCH = YES;
				"CODE_SIGN_IDENTITY[sdk=iphoneos*]" = "iPhone Developer";
				COPY_PHASE_STRIP = NO;
				DEBUG_INFORMATION_FORMAT = "dwarf-with-dsym";
				ENABLE_NS_ASSERTIONS = NO;
				ENABLE_STRICT_OBJC_MSGSEND = YES;
				GCC_C_LANGUAGE_STANDARD = gnu99;
				GCC_NO_COMMON_BLOCKS = YES;
				GCC_WARN_64_TO_32_BIT_CONVERSION = YES;
				GCC_WARN_ABOUT_RETURN_TYPE = YES_ERROR;
				GCC_WARN_UNDECLARED_SELECTOR = YES;
				GCC_WARN_UNINITIALIZED_AUTOS = YES_AGGRESSIVE;
				GCC_WARN_UNUSED_FUNCTION = YES;
				GCC_WARN_UNUSED_VARIABLE = YES;
				IPHONEOS_DEPLOYMENT_TARGET = 9.2;
				MTL_ENABLE_DEBUG_INFO = NO;
				SDKROOT = iphoneos;
				VALIDATE_PRODUCT = YES;
			};
			name = Release;
		};
		6A0F80611C424046000F640B /* Debug */ = {
			isa = XCBuildConfiguration;
			buildSettings = {
				ASSETCATALOG_COMPILER_APPICON_NAME = AppIcon;
				INFOPLIST_FILE = HomeWork5/Info.plist;
				LD_RUNPATH_SEARCH_PATHS = "$(inherited) @executable_path/Frameworks";
				PRODUCT_BUNDLE_IDENTIFIER = com.MyHW.CHI;
				PRODUCT_NAME = CHI;
			};
			name = Debug;
		};
		6A0F80621C424046000F640B /* Release */ = {
			isa = XCBuildConfiguration;
			buildSettings = {
				ASSETCATALOG_COMPILER_APPICON_NAME = AppIcon;
				INFOPLIST_FILE = HomeWork5/Info.plist;
				LD_RUNPATH_SEARCH_PATHS = "$(inherited) @executable_path/Frameworks";
				PRODUCT_BUNDLE_IDENTIFIER = com.MyHW.CHI;
				PRODUCT_NAME = CHI;
			};
			name = Release;
		};
		6A0F80641C424046000F640B /* Debug */ = {
			isa = XCBuildConfiguration;
			buildSettings = {
				BUNDLE_LOADER = "$(TEST_HOST)";
				INFOPLIST_FILE = HomeWork5Tests/Info.plist;
				LD_RUNPATH_SEARCH_PATHS = "$(inherited) @executable_path/Frameworks @loader_path/Frameworks";
				PRODUCT_BUNDLE_IDENTIFIER = com.MyHW.HomeWork5Tests;
				PRODUCT_NAME = "$(TARGET_NAME)";
				TEST_HOST = "$(BUILT_PRODUCTS_DIR)/HomeWork5.app/HomeWork5";
			};
			name = Debug;
		};
		6A0F80651C424046000F640B /* Release */ = {
			isa = XCBuildConfiguration;
			buildSettings = {
				BUNDLE_LOADER = "$(TEST_HOST)";
				INFOPLIST_FILE = HomeWork5Tests/Info.plist;
				LD_RUNPATH_SEARCH_PATHS = "$(inherited) @executable_path/Frameworks @loader_path/Frameworks";
				PRODUCT_BUNDLE_IDENTIFIER = com.MyHW.HomeWork5Tests;
				PRODUCT_NAME = "$(TARGET_NAME)";
				TEST_HOST = "$(BUILT_PRODUCTS_DIR)/HomeWork5.app/HomeWork5";
			};
			name = Release;
		};
		6A0F80671C424046000F640B /* Debug */ = {
			isa = XCBuildConfiguration;
			buildSettings = {
				INFOPLIST_FILE = HomeWork5UITests/Info.plist;
				LD_RUNPATH_SEARCH_PATHS = "$(inherited) @executable_path/Frameworks @loader_path/Frameworks";
				PRODUCT_BUNDLE_IDENTIFIER = com.MyHW.HomeWork5UITests;
				PRODUCT_NAME = "$(TARGET_NAME)";
				TEST_TARGET_NAME = HomeWork5;
				USES_XCTRUNNER = YES;
			};
			name = Debug;
		};
		6A0F80681C424046000F640B /* Release */ = {
			isa = XCBuildConfiguration;
			buildSettings = {
				INFOPLIST_FILE = HomeWork5UITests/Info.plist;
				LD_RUNPATH_SEARCH_PATHS = "$(inherited) @executable_path/Frameworks @loader_path/Frameworks";
				PRODUCT_BUNDLE_IDENTIFIER = com.MyHW.HomeWork5UITests;
				PRODUCT_NAME = "$(TARGET_NAME)";
				TEST_TARGET_NAME = HomeWork5;
				USES_XCTRUNNER = YES;
			};
			name = Release;
		};
/* End XCBuildConfiguration section */

/* Begin XCConfigurationList section */
		6A0F802E1C424046000F640B /* Build configuration list for PBXProject "HomeWork5" */ = {
			isa = XCConfigurationList;
			buildConfigurations = (
				6A0F805E1C424046000F640B /* Debug */,
				6A0F805F1C424046000F640B /* Release */,
			);
			defaultConfigurationIsVisible = 0;
			defaultConfigurationName = Release;
		};
		6A0F80601C424046000F640B /* Build configuration list for PBXNativeTarget "HomeWork5" */ = {
			isa = XCConfigurationList;
			buildConfigurations = (
				6A0F80611C424046000F640B /* Debug */,
				6A0F80621C424046000F640B /* Release */,
			);
			defaultConfigurationIsVisible = 0;
			defaultConfigurationName = Release;
		};
		6A0F80631C424046000F640B /* Build configuration list for PBXNativeTarget "HomeWork5Tests" */ = {
			isa = XCConfigurationList;
			buildConfigurations = (
				6A0F80641C424046000F640B /* Debug */,
				6A0F80651C424046000F640B /* Release */,
			);
			defaultConfigurationIsVisible = 0;
			defaultConfigurationName = Release;
		};
		6A0F80661C424046000F640B /* Build configuration list for PBXNativeTarget "HomeWork5UITests" */ = {
			isa = XCConfigurationList;
			buildConfigurations = (
				6A0F80671C424046000F640B /* Debug */,
				6A0F80681C424046000F640B /* Release */,
			);
			defaultConfigurationIsVisible = 0;
			defaultConfigurationName = Release;
		};
/* End XCConfigurationList section */
	};
	rootObject = 6A0F802B1C424046000F640B /* Project object */;
}
